
Microsoft Visual Studio Solution File, Format Version 12.00
# Visual Studio Version 17
VisualStudioVersion = 17.11.35303.130
MinimumVisualStudioVersion = 10.0.40219.1
Project("{2150E333-8FDC-42A3-9474-1A3956D46DE8}") = "Task0", "Task0", "{C2B35852-2762-4E1A-8D06-335F381731BC}"
EndProject
Project("{9A19103F-16F7-4668-BE54-9A1E7A4F7556}") = "Tyuiu.SafonovRV.Sprint3.Task0.V24", "Tyuiu.SafonovRV.Sprint3.Task0.V24\Tyuiu.SafonovRV.Sprint3.Task0.V24.csproj", "{F0109A5E-0111-4519-B28C-F21F3B7B1402}"
EndProject
Project("{9A19103F-16F7-4668-BE54-9A1E7A4F7556}") = "Tyuiu.SafonovRV.Sprint3.Task0.V24.Test", "Tyuiu.SafonovRV.Sprint3.Task0.V24.Test\Tyuiu.SafonovRV.Sprint3.Task0.V24.Test.csproj", "{EE945395-D2F6-48DF-8391-0A885A540F7E}"
EndProject
Project("{FAE04EC0-301F-11D3-BF4B-00C04F79EFBC}") = "Tyuiu.SafonovRV.Sprint3.Task0.V24.Lib", "Tyuiu.SafonovRV.Sprint3.Task0.V24.Lib\Tyuiu.SafonovRV.Sprint3.Task0.V24.Lib.csproj", "{46813F08-B828-4619-96A9-F13B74E2B79E}"
EndProject
Global
	GlobalSection(SolutionConfigurationPlatforms) = preSolution
		Debug|Any CPU = Debug|Any CPU
		Release|Any CPU = Release|Any CPU
	EndGlobalSection
	GlobalSection(ProjectConfigurationPlatforms) = postSolution
		{F0109A5E-0111-4519-B28C-F21F3B7B1402}.Debug|Any CPU.ActiveCfg = Debug|Any CPU
		{F0109A5E-0111-4519-B28C-F21F3B7B1402}.Debug|Any CPU.Build.0 = Debug|Any CPU
		{F0109A5E-0111-4519-B28C-F21F3B7B1402}.Release|Any CPU.ActiveCfg = Release|Any CPU
		{F0109A5E-0111-4519-B28C-F21F3B7B1402}.Release|Any CPU.Build.0 = Release|Any CPU
		{EE945395-D2F6-48DF-8391-0A885A540F7E}.Debug|Any CPU.ActiveCfg = Debug|Any CPU
		{EE945395-D2F6-48DF-8391-0A885A540F7E}.Debug|Any CPU.Build.0 = Debug|Any CPU
		{EE945395-D2F6-48DF-8391-0A885A540F7E}.Release|Any CPU.ActiveCfg = Release|Any CPU
		{EE945395-D2F6-48DF-8391-0A885A540F7E}.Release|Any CPU.Build.0 = Release|Any CPU
		{46813F08-B828-4619-96A9-F13B74E2B79E}.Debug|Any CPU.ActiveCfg = Debug|Any CPU
		{46813F08-B828-4619-96A9-F13B74E2B79E}.Debug|Any CPU.Build.0 = Debug|Any CPU
		{46813F08-B828-4619-96A9-F13B74E2B79E}.Release|Any CPU.ActiveCfg = Release|Any CPU
		{46813F08-B828-4619-96A9-F13B74E2B79E}.Release|Any CPU.Build.0 = Release|Any CPU
	EndGlobalSection
	GlobalSection(SolutionProperties) = preSolution
		HideSolutionNode = FALSE
	EndGlobalSection
	GlobalSection(NestedProjects) = preSolution
		{F0109A5E-0111-4519-B28C-F21F3B7B1402} = {C2B35852-2762-4E1A-8D06-335F381731BC}
		{EE945395-D2F6-48DF-8391-0A885A540F7E} = {C2B35852-2762-4E1A-8D06-335F381731BC}
		{46813F08-B828-4619-96A9-F13B74E2B79E} = {C2B35852-2762-4E1A-8D06-335F381731BC}
	EndGlobalSection
	GlobalSection(ExtensibilityGlobals) = postSolution
		SolutionGuid = {8B8C4C78-8B73-476E-935D-85DD1D0AF78A}
	EndGlobalSection
EndGlobal
